// !$*UTF8*$!
{
	archiveVersion = 1;
	classes = {
	};
	objectVersion = 46;
	objects = {

/* Begin PBXBuildFile section */
		4609D16819ACD0A8003D6E36 /* Foundation.framework in Frameworks */ = {isa = PBXBuildFile; fileRef = 4609D16719ACD0A8003D6E36 /* Foundation.framework */; };
		4609D16A19ACD0A8003D6E36 /* CoreGraphics.framework in Frameworks */ = {isa = PBXBuildFile; fileRef = 4609D16919ACD0A8003D6E36 /* CoreGraphics.framework */; };
		4609D16C19ACD0A8003D6E36 /* UIKit.framework in Frameworks */ = {isa = PBXBuildFile; fileRef = 4609D16B19ACD0A8003D6E36 /* UIKit.framework */; };
		4609D17219ACD0A8003D6E36 /* InfoPlist.strings in Resources */ = {isa = PBXBuildFile; fileRef = 4609D17019ACD0A8003D6E36 /* InfoPlist.strings */; };
		4609D17419ACD0A8003D6E36 /* main.m in Sources */ = {isa = PBXBuildFile; fileRef = 4609D17319ACD0A8003D6E36 /* main.m */; };
		46AB4BDF1B1705A20041D3F7 /* CHAppDelegate.m in Sources */ = {isa = PBXBuildFile; fileRef = 46AB4BCF1B1705A20041D3F7 /* CHAppDelegate.m */; };
		46AB4BE01B1705A20041D3F7 /* CHIndexViewController.m in Sources */ = {isa = PBXBuildFile; fileRef = 46AB4BD11B1705A20041D3F7 /* CHIndexViewController.m */; };
		46AB4BE11B1705A20041D3F7 /* CHViewController.m in Sources */ = {isa = PBXBuildFile; fileRef = 46AB4BD31B1705A20041D3F7 /* CHViewController.m */; };
		46AB4BE21B1705A20041D3F7 /* CHViewController.m.trvs in Resources */ = {isa = PBXBuildFile; fileRef = 46AB4BD41B1705A20041D3F7 /* CHViewController.m.trvs */; };
		46AB4BE31B1705A20041D3F7 /* dinosaur.png in Resources */ = {isa = PBXBuildFile; fileRef = 46AB4BD51B1705A20041D3F7 /* dinosaur.png */; };
		46AB4BE41B1705A20041D3F7 /* Arrow.m in Sources */ = {isa = PBXBuildFile; fileRef = 46AB4BD81B1705A20041D3F7 /* Arrow.m */; };
		46AB4BE51B1705A20041D3F7 /* Indicator.m in Sources */ = {isa = PBXBuildFile; fileRef = 46AB4BDA1B1705A20041D3F7 /* Indicator.m */; };
		46AB4BE61B1705A20041D3F7 /* RefreshControl.m in Sources */ = {isa = PBXBuildFile; fileRef = 46AB4BDC1B1705A20041D3F7 /* RefreshControl.m */; };
		46AB4BE71B1705A20041D3F7 /* UIScrollView+RefreshControl.m in Sources */ = {isa = PBXBuildFile; fileRef = 46AB4BDE1B1705A20041D3F7 /* UIScrollView+RefreshControl.m */; };
/* End PBXBuildFile section */

/* Begin PBXFileReference section */
		4609D16419ACD0A8003D6E36 /* RefreshControl.app */ = {isa = PBXFileReference; explicitFileType = wrapper.application; includeInIndex = 0; path = RefreshControl.app; sourceTree = BUILT_PRODUCTS_DIR; };
		4609D16719ACD0A8003D6E36 /* Foundation.framework */ = {isa = PBXFileReference; lastKnownFileType = wrapper.framework; name = Foundation.framework; path = System/Library/Frameworks/Foundation.framework; sourceTree = SDKROOT; };
		4609D16919ACD0A8003D6E36 /* CoreGraphics.framework */ = {isa = PBXFileReference; lastKnownFileType = wrapper.framework; name = CoreGraphics.framework; path = System/Library/Frameworks/CoreGraphics.framework; sourceTree = SDKROOT; };
		4609D16B19ACD0A8003D6E36 /* UIKit.framework */ = {isa = PBXFileReference; lastKnownFileType = wrapper.framework; name = UIKit.framework; path = System/Library/Frameworks/UIKit.framework; sourceTree = SDKROOT; };
		4609D16F19ACD0A8003D6E36 /* RefreshControl-Info.plist */ = {isa = PBXFileReference; lastKnownFileType = text.plist.xml; path = "RefreshControl-Info.plist"; sourceTree = "<group>"; };
		4609D17119ACD0A8003D6E36 /* en */ = {isa = PBXFileReference; lastKnownFileType = text.plist.strings; name = en; path = en.lproj/InfoPlist.strings; sourceTree = "<group>"; };
		4609D17319ACD0A8003D6E36 /* main.m */ = {isa = PBXFileReference; lastKnownFileType = sourcecode.c.objc; path = main.m; sourceTree = "<group>"; };
		4609D17519ACD0A8003D6E36 /* RefreshControl-Prefix.pch */ = {isa = PBXFileReference; lastKnownFileType = sourcecode.c.h; path = "RefreshControl-Prefix.pch"; sourceTree = "<group>"; };
		4609D18619ACD0A8003D6E36 /* XCTest.framework */ = {isa = PBXFileReference; lastKnownFileType = wrapper.framework; name = XCTest.framework; path = Library/Frameworks/XCTest.framework; sourceTree = DEVELOPER_DIR; };
		46AB4BCE1B1705A20041D3F7 /* CHAppDelegate.h */ = {isa = PBXFileReference; fileEncoding = 4; lastKnownFileType = sourcecode.c.h; path = CHAppDelegate.h; sourceTree = "<group>"; };
		46AB4BCF1B1705A20041D3F7 /* CHAppDelegate.m */ = {isa = PBXFileReference; fileEncoding = 4; lastKnownFileType = sourcecode.c.objc; path = CHAppDelegate.m; sourceTree = "<group>"; };
		46AB4BD01B1705A20041D3F7 /* CHIndexViewController.h */ = {isa = PBXFileReference; fileEncoding = 4; lastKnownFileType = sourcecode.c.h; path = CHIndexViewController.h; sourceTree = "<group>"; };
		46AB4BD11B1705A20041D3F7 /* CHIndexViewController.m */ = {isa = PBXFileReference; fileEncoding = 4; lastKnownFileType = sourcecode.c.objc; path = CHIndexViewController.m; sourceTree = "<group>"; };
		46AB4BD21B1705A20041D3F7 /* CHViewController.h */ = {isa = PBXFileReference; fileEncoding = 4; lastKnownFileType = sourcecode.c.h; path = CHViewController.h; sourceTree = "<group>"; };
		46AB4BD31B1705A20041D3F7 /* CHViewController.m */ = {isa = PBXFileReference; fileEncoding = 4; lastKnownFileType = sourcecode.c.objc; path = CHViewController.m; sourceTree = "<group>"; };
		46AB4BD41B1705A20041D3F7 /* CHViewController.m.trvs */ = {isa = PBXFileReference; fileEncoding = 4; lastKnownFileType = text; path = CHViewController.m.trvs; sourceTree = "<group>"; };
		46AB4BD51B1705A20041D3F7 /* dinosaur.png */ = {isa = PBXFileReference; lastKnownFileType = image.png; path = dinosaur.png; sourceTree = "<group>"; };
		46AB4BD71B1705A20041D3F7 /* Arrow.h */ = {isa = PBXFileReference; fileEncoding = 4; lastKnownFileType = sourcecode.c.h; path = Arrow.h; sourceTree = "<group>"; };
		46AB4BD81B1705A20041D3F7 /* Arrow.m */ = {isa = PBXFileReference; fileEncoding = 4; lastKnownFileType = sourcecode.c.objc; path = Arrow.m; sourceTree = "<group>"; };
		46AB4BD91B1705A20041D3F7 /* Indicator.h */ = {isa = PBXFileReference; fileEncoding = 4; lastKnownFileType = sourcecode.c.h; path = Indicator.h; sourceTree = "<group>"; };
		46AB4BDA1B1705A20041D3F7 /* Indicator.m */ = {isa = PBXFileReference; fileEncoding = 4; lastKnownFileType = sourcecode.c.objc; path = Indicator.m; sourceTree = "<group>"; };
		46AB4BDB1B1705A20041D3F7 /* RefreshControl.h */ = {isa = PBXFileReference; fileEncoding = 4; lastKnownFileType = sourcecode.c.h; path = RefreshControl.h; sourceTree = "<group>"; };
		46AB4BDC1B1705A20041D3F7 /* RefreshControl.m */ = {isa = PBXFileReference; fileEncoding = 4; lastKnownFileType = sourcecode.c.objc; path = RefreshControl.m; sourceTree = "<group>"; };
		46AB4BDD1B1705A20041D3F7 /* UIScrollView+RefreshControl.h */ = {isa = PBXFileReference; fileEncoding = 4; lastKnownFileType = sourcecode.c.h; path = "UIScrollView+RefreshControl.h"; sourceTree = "<group>"; };
		46AB4BDE1B1705A20041D3F7 /* UIScrollView+RefreshControl.m */ = {isa = PBXFileReference; fileEncoding = 4; lastKnownFileType = sourcecode.c.objc; path = "UIScrollView+RefreshControl.m"; sourceTree = "<group>"; };
/* End PBXFileReference section */

/* Begin PBXFrameworksBuildPhase section */
		4609D16119ACD0A8003D6E36 /* Frameworks */ = {
			isa = PBXFrameworksBuildPhase;
			buildActionMask = 2147483647;
			files = (
				4609D16A19ACD0A8003D6E36 /* CoreGraphics.framework in Frameworks */,
				4609D16C19ACD0A8003D6E36 /* UIKit.framework in Frameworks */,
				4609D16819ACD0A8003D6E36 /* Foundation.framework in Frameworks */,
			);
			runOnlyForDeploymentPostprocessing = 0;
		};
/* End PBXFrameworksBuildPhase section */

/* Begin PBXGroup section */
		4609D15B19ACD0A8003D6E36 = {
			isa = PBXGroup;
			children = (
				4609D16D19ACD0A8003D6E36 /* RefreshControl */,
				4609D16619ACD0A8003D6E36 /* Frameworks */,
				4609D16519ACD0A8003D6E36 /* Products */,
			);
			sourceTree = "<group>";
		};
		4609D16519ACD0A8003D6E36 /* Products */ = {
			isa = PBXGroup;
			children = (
				4609D16419ACD0A8003D6E36 /* RefreshControl.app */,
			);
			name = Products;
			sourceTree = "<group>";
		};
		4609D16619ACD0A8003D6E36 /* Frameworks */ = {
			isa = PBXGroup;
			children = (
				4609D16719ACD0A8003D6E36 /* Foundation.framework */,
				4609D16919ACD0A8003D6E36 /* CoreGraphics.framework */,
				4609D16B19ACD0A8003D6E36 /* UIKit.framework */,
				4609D18619ACD0A8003D6E36 /* XCTest.framework */,
			);
			name = Frameworks;
			sourceTree = "<group>";
		};
		4609D16D19ACD0A8003D6E36 /* RefreshControl */ = {
			isa = PBXGroup;
			children = (
				46AB4BD61B1705A20041D3F7 /* Source */,
				46AB4BCD1B1705A20041D3F7 /* Sample */,
				4609D16E19ACD0A8003D6E36 /* Supporting Files */,
			);
			path = RefreshControl;
			sourceTree = "<group>";
		};
		4609D16E19ACD0A8003D6E36 /* Supporting Files */ = {
			isa = PBXGroup;
			children = (
				4609D16F19ACD0A8003D6E36 /* RefreshControl-Info.plist */,
				4609D17019ACD0A8003D6E36 /* InfoPlist.strings */,
				4609D17319ACD0A8003D6E36 /* main.m */,
				4609D17519ACD0A8003D6E36 /* RefreshControl-Prefix.pch */,
			);
			name = "Supporting Files";
			sourceTree = "<group>";
		};
		46AB4BCD1B1705A20041D3F7 /* Sample */ = {
			isa = PBXGroup;
			children = (
				46AB4BCE1B1705A20041D3F7 /* CHAppDelegate.h */,
				46AB4BCF1B1705A20041D3F7 /* CHAppDelegate.m */,
				46AB4BD01B1705A20041D3F7 /* CHIndexViewController.h */,
				46AB4BD11B1705A20041D3F7 /* CHIndexViewController.m */,
				46AB4BD21B1705A20041D3F7 /* CHViewController.h */,
				46AB4BD31B1705A20041D3F7 /* CHViewController.m */,
				46AB4BD41B1705A20041D3F7 /* CHViewController.m.trvs */,
				46AB4BD51B1705A20041D3F7 /* dinosaur.png */,
			);
			path = Sample;
			sourceTree = "<group>";
		};
		46AB4BD61B1705A20041D3F7 /* Source */ = {
			isa = PBXGroup;
			children = (
				46AB4BD71B1705A20041D3F7 /* Arrow.h */,
				46AB4BD81B1705A20041D3F7 /* Arrow.m */,
				46AB4BD91B1705A20041D3F7 /* Indicator.h */,
				46AB4BDA1B1705A20041D3F7 /* Indicator.m */,
				46AB4BDB1B1705A20041D3F7 /* RefreshControl.h */,
				46AB4BDC1B1705A20041D3F7 /* RefreshControl.m */,
				46AB4BDD1B1705A20041D3F7 /* UIScrollView+RefreshControl.h */,
				46AB4BDE1B1705A20041D3F7 /* UIScrollView+RefreshControl.m */,
			);
			path = Source;
			sourceTree = "<group>";
		};
/* End PBXGroup section */

/* Begin PBXNativeTarget section */
		4609D16319ACD0A8003D6E36 /* RefreshControl */ = {
			isa = PBXNativeTarget;
			buildConfigurationList = 4609D19619ACD0A9003D6E36 /* Build configuration list for PBXNativeTarget "RefreshControl" */;
			buildPhases = (
				4609D16019ACD0A8003D6E36 /* Sources */,
				4609D16119ACD0A8003D6E36 /* Frameworks */,
				4609D16219ACD0A8003D6E36 /* Resources */,
			);
			buildRules = (
			);
			dependencies = (
			);
			name = RefreshControl;
			productName = RefreshControl;
			productReference = 4609D16419ACD0A8003D6E36 /* RefreshControl.app */;
			productType = "com.apple.product-type.application";
		};
/* End PBXNativeTarget section */

/* Begin PBXProject section */
		4609D15C19ACD0A8003D6E36 /* Project object */ = {
			isa = PBXProject;
			attributes = {
				CLASSPREFIX = CH;
				LastUpgradeCheck = 0510;
				ORGANIZATIONNAME = Moch;
			};
			buildConfigurationList = 4609D15F19ACD0A8003D6E36 /* Build configuration list for PBXProject "RefreshControl" */;
			compatibilityVersion = "Xcode 3.2";
			developmentRegion = English;
			hasScannedForEncodings = 0;
			knownRegions = (
				en,
				Base,
			);
			mainGroup = 4609D15B19ACD0A8003D6E36;
			productRefGroup = 4609D16519ACD0A8003D6E36 /* Products */;
			projectDirPath = "";
			projectRoot = "";
			targets = (
				4609D16319ACD0A8003D6E36 /* RefreshControl */,
			);
		};
/* End PBXProject section */

/* Begin PBXResourcesBuildPhase section */
		4609D16219ACD0A8003D6E36 /* Resources */ = {
			isa = PBXResourcesBuildPhase;
			buildActionMask = 2147483647;
			files = (
				46AB4BE31B1705A20041D3F7 /* dinosaur.png in Resources */,
				4609D17219ACD0A8003D6E36 /* InfoPlist.strings in Resources */,
				46AB4BE21B1705A20041D3F7 /* CHViewController.m.trvs in Resources */,
			);
			runOnlyForDeploymentPostprocessing = 0;
		};
/* End PBXResourcesBuildPhase section */

/* Begin PBXSourcesBuildPhase section */
		4609D16019ACD0A8003D6E36 /* Sources */ = {
			isa = PBXSourcesBuildPhase;
			buildActionMask = 2147483647;
			files = (
				4609D17419ACD0A8003D6E36 /* main.m in Sources */,
				46AB4BE01B1705A20041D3F7 /* CHIndexViewController.m in Sources */,
				46AB4BDF1B1705A20041D3F7 /* CHAppDelegate.m in Sources */,
				46AB4BE71B1705A20041D3F7 /* UIScrollView+RefreshControl.m in Sources */,
				46AB4BE61B1705A20041D3F7 /* RefreshControl.m in Sources */,
				46AB4BE41B1705A20041D3F7 /* Arrow.m in Sources */,
				46AB4BE11B1705A20041D3F7 /* CHViewController.m in Sources */,
				46AB4BE51B1705A20041D3F7 /* Indicator.m in Sources */,
			);
			runOnlyForDeploymentPostprocessing = 0;
		};
/* End PBXSourcesBuildPhase section */

/* Begin PBXVariantGroup section */
		4609D17019ACD0A8003D6E36 /* InfoPlist.strings */ = {
			isa = PBXVariantGroup;
			children = (
				4609D17119ACD0A8003D6E36 /* en */,
			);
			name = InfoPlist.strings;
			sourceTree = "<group>";
		};
/* End PBXVariantGroup section */

/* Begin XCBuildConfiguration section */
		4609D19419ACD0A9003D6E36 /* Debug */ = {
			isa = XCBuildConfiguration;
			buildSettings = {
				ALWAYS_SEARCH_USER_PATHS = NO;
				CLANG_CXX_LANGUAGE_STANDARD = "gnu++0x";
				CLANG_CXX_LIBRARY = "libc++";
				CLANG_ENABLE_MODULES = YES;
				CLANG_ENABLE_OBJC_ARC = YES;
				CLANG_WARN_BOOL_CONVERSION = YES;
				CLANG_WARN_CONSTANT_CONVERSION = YES;
				CLANG_WARN_DIRECT_OBJC_ISA_USAGE = YES_ERROR;
				CLANG_WARN_EMPTY_BODY = YES;
				CLANG_WARN_ENUM_CONVERSION = YES;
				CLANG_WARN_INT_CONVERSION = YES;
				CLANG_WARN_OBJC_ROOT_CLASS = YES_ERROR;
				CLANG_WARN__DUPLICATE_METHOD_MATCH = YES;
				"CODE_SIGN_IDENTITY[sdk=iphoneos*]" = "iPhone Developer";
				COPY_PHASE_STRIP = NO;
				GCC_C_LANGUAGE_STANDARD = gnu99;
				GCC_DYNAMIC_NO_PIC = NO;
				GCC_OPTIMIZATION_LEVEL = 0;
				GCC_PREPROCESSOR_DEFINITIONS = (
					"DEBUG=1",
					"$(inherited)",
				);
				GCC_SYMBOLS_PRIVATE_EXTERN = NO;
				GCC_WARN_64_TO_32_BIT_CONVERSION = YES;
				GCC_WARN_ABOUT_RETURN_TYPE = YES_ERROR;
				GCC_WARN_UNDECLARED_SELECTOR = YES;
				GCC_WARN_UNINITIALIZED_AUTOS = YES_AGGRESSIVE;
				GCC_WARN_UNUSED_FUNCTION = YES;
				GCC_WARN_UNUSED_VARIABLE = YES;
				IPHONEOS_DEPLOYMENT_TARGET = 7.0;
				ONLY_ACTIVE_ARCH = YES;
				SDKROOT = iphoneos;
			};
			name = Debug;
		};
		4609D19519ACD0A9003D6E36 /* Release */ = {
			isa = XCBuildConfiguration;
			buildSettings = {
				ALWAYS_SEARCH_USER_PATHS = NO;
				CLANG_CXX_LANGUAGE_STANDARD = "gnu++0x";
				CLANG_CXX_LIBRARY = "libc++";
				CLANG_ENABLE_MODULES = YES;
				CLANG_ENABLE_OBJC_ARC = YES;
				CLANG_WARN_BOOL_CONVERSION = YES;
				CLANG_WARN_CONSTANT_CONVERSION = YES;
				CLANG_WARN_DIRECT_OBJC_ISA_USAGE = YES_ERROR;
				CLANG_WARN_EMPTY_BODY = YES;
				CLANG_WARN_ENUM_CONVERSION = YES;
				CLANG_WARN_INT_CONVERSION = YES;
				CLANG_WARN_OBJC_ROOT_CLASS = YES_ERROR;
				CLANG_WARN__DUPLICATE_METHOD_MATCH = YES;
				"CODE_SIGN_IDENTITY[sdk=iphoneos*]" = "iPhone Developer";
				COPY_PHASE_STRIP = YES;
				ENABLE_NS_ASSERTIONS = NO;
				GCC_C_LANGUAGE_STANDARD = gnu99;
				GCC_WARN_64_TO_32_BIT_CONVERSION = YES;
				GCC_WARN_ABOUT_RETURN_TYPE = YES_ERROR;
				GCC_WARN_UNDECLARED_SELECTOR = YES;
				GCC_WARN_UNINITIALIZED_AUTOS = YES_AGGRESSIVE;
				GCC_WARN_UNUSED_FUNCTION = YES;
				GCC_WARN_UNUSED_VARIABLE = YES;
				IPHONEOS_DEPLOYMENT_TARGET = 7.0;
				SDKROOT = iphoneos;
				VALIDATE_PRODUCT = YES;
			};
			name = Release;
		};
		4609D19719ACD0A9003D6E36 /* Debug */ = {
			isa = XCBuildConfiguration;
			buildSettings = {
				ASSETCATALOG_COMPILER_APPICON_NAME = AppIcon;
				ASSETCATALOG_COMPILER_LAUNCHIMAGE_NAME = LaunchImage;
				GCC_PRECOMPILE_PREFIX_HEADER = YES;
				GCC_PREFIX_HEADER = "RefreshControl/RefreshControl-Prefix.pch";
				INFOPLIST_FILE = "RefreshControl/RefreshControl-Info.plist";
				IPHONEOS_DEPLOYMENT_TARGET = 7.0;
				PRODUCT_NAME = "$(TARGET_NAME)";
				WRAPPER_EXTENSION = app;
			};
			name = Debug;
		};
		4609D19819ACD0A9003D6E36 /* Release */ = {
			isa = XCBuildConfiguration;
			buildSettings = {
				ASSETCATALOG_COMPILER_APPICON_NAME = AppIcon;
				ASSETCATALOG_COMPILER_LAUNCHIMAGE_NAME = LaunchImage;
				GCC_PRECOMPILE_PREFIX_HEADER = YES;
				GCC_PREFIX_HEADER = "RefreshControl/RefreshControl-Prefix.pch";
				INFOPLIST_FILE = "RefreshControl/RefreshControl-Info.plist";
				IPHONEOS_DEPLOYMENT_TARGET = 7.0;
				PRODUCT_NAME = "$(TARGET_NAME)";
				WRAPPER_EXTENSION = app;
			};
			name = Release;
		};
/* End XCBuildConfiguration section */

/* Begin XCConfigurationList section */
		4609D15F19ACD0A8003D6E36 /* Build configuration list for PBXProject "RefreshControl" */ = {
			isa = XCConfigurationList;
			buildConfigurations = (
				4609D19419ACD0A9003D6E36 /* Debug */,
				4609D19519ACD0A9003D6E36 /* Release */,
			);
			defaultConfigurationIsVisible = 0;
			defaultConfigurationName = Release;
		};
		4609D19619ACD0A9003D6E36 /* Build configuration list for PBXNativeTarget "RefreshControl" */ = {
			isa = XCConfigurationList;
			buildConfigurations = (
				4609D19719ACD0A9003D6E36 /* Debug */,
				4609D19819ACD0A9003D6E36 /* Release */,
			);
			defaultConfigurationIsVisible = 0;
			defaultConfigurationName = Release;
		};
/* End XCConfigurationList section */
	};
	rootObject = 4609D15C19ACD0A8003D6E36 /* Project object */;
}
